
Microsoft Visual Studio Solution File, Format Version 12.00
# Visual Studio Version 17
VisualStudioVersion = 17.11.35111.106
MinimumVisualStudioVersion = 10.0.40219.1
Project("{FAE04EC0-301F-11D3-BF4B-00C04F79EFBC}") = "NKDAgility.ConfigDemo.CLI", "NKDAgility.ConfigDemo.CLI\NKDAgility.ConfigDemo.CLI.csproj", "{C246B90E-8DAC-41B3-955F-D5C5D6D9B062}"
EndProject
Global
	GlobalSection(SolutionConfigurationPlatforms) = preSolution
		Debug|Any CPU = Debug|Any CPU
		Release|Any CPU = Release|Any CPU
	EndGlobalSection
	GlobalSection(ProjectConfigurationPlatforms) = postSolution
		{C246B90E-8DAC-41B3-955F-D5C5D6D9B062}.Debug|Any CPU.ActiveCfg = Debug|Any CPU
		{C246B90E-8DAC-41B3-955F-D5C5D6D9B062}.Debug|Any CPU.Build.0 = Debug|Any CPU
		{C246B90E-8DAC-41B3-955F-D5C5D6D9B062}.Release|Any CPU.ActiveCfg = Release|Any CPU
		{C246B90E-8DAC-41B3-955F-D5C5D6D9B062}.Release|Any CPU.Build.0 = Release|Any CPU
	EndGlobalSection
	GlobalSection(SolutionProperties) = preSolution
		HideSolutionNode = FALSE
	EndGlobalSection
	GlobalSection(ExtensibilityGlobals) = postSolution
		SolutionGuid = {D8AD8569-65B3-4BB9-8506-828E2A03737A}
	EndGlobalSection
EndGlobal
